// !$*UTF8*$!
{
	archiveVersion = 1;
	classes = {
	};
	objectVersion = 46;
	objects = {

/* Begin PBXBuildFile section */
		2B74521AE85CC72813C6BEBE /* Pods_PaneViewController.framework in Frameworks */ = {isa = PBXBuildFile; fileRef = 4EEF2DC4E3DBFF2D42FD2823 /* Pods_PaneViewController.framework */; };
		6FC1F12682476CD4CA52D8AE /* Pods_PaneViewControllerTests.framework in Frameworks */ = {isa = PBXBuildFile; fileRef = 43670ED19D80553519CAA421 /* Pods_PaneViewControllerTests.framework */; };
		BA16043B142299F93CC0020A /* Pods_PaneViewControllerUITests.framework in Frameworks */ = {isa = PBXBuildFile; fileRef = 668F525BF04103F22BFF1857 /* Pods_PaneViewControllerUITests.framework */; };
		EC1157B61C849BFC002586EE /* UIViewControllerPaneViewExtension.swift in Sources */ = {isa = PBXBuildFile; fileRef = EC1157B51C849BFC002586EE /* UIViewControllerPaneViewExtension.swift */; };
		ECA332651C7F62B7008D5F42 /* PaneViewControllerTests.swift in Sources */ = {isa = PBXBuildFile; fileRef = ECA332641C7F62B7008D5F42 /* PaneViewControllerTests.swift */; };
		ECA332701C7F62B7008D5F42 /* PaneViewControllerUITests.swift in Sources */ = {isa = PBXBuildFile; fileRef = ECA3326F1C7F62B7008D5F42 /* PaneViewControllerUITests.swift */; };
		ECA332871C7F6749008D5F42 /* AppDelegate.swift in Sources */ = {isa = PBXBuildFile; fileRef = ECA332801C7F6749008D5F42 /* AppDelegate.swift */; };
		ECA332881C7F6749008D5F42 /* Assets.xcassets in Resources */ = {isa = PBXBuildFile; fileRef = ECA332811C7F6749008D5F42 /* Assets.xcassets */; };
		ECA332891C7F6749008D5F42 /* LaunchScreen.storyboard in Resources */ = {isa = PBXBuildFile; fileRef = ECA332831C7F6749008D5F42 /* LaunchScreen.storyboard */; };
		ECA3328E1C7F6771008D5F42 /* PaneViewController.swift in Sources */ = {isa = PBXBuildFile; fileRef = ECA3328D1C7F6771008D5F42 /* PaneViewController.swift */; };
		ECA332901C7F69B0008D5F42 /* DemoPrimaryViewController.swift in Sources */ = {isa = PBXBuildFile; fileRef = ECA3328F1C7F69B0008D5F42 /* DemoPrimaryViewController.swift */; };
		ECA332921C7F7D89008D5F42 /* DemoSecondaryViewController.swift in Sources */ = {isa = PBXBuildFile; fileRef = ECA332911C7F7D89008D5F42 /* DemoSecondaryViewController.swift */; };
		ECB9241B1CAAECA3001868E9 /* HandleView.swift in Sources */ = {isa = PBXBuildFile; fileRef = ECB9241A1CAAECA3001868E9 /* HandleView.swift */; };
		ECFF68591CA03DCE00F793D3 /* PaneViewController.xcassets in Resources */ = {isa = PBXBuildFile; fileRef = ECFF68581CA03DCE00F793D3 /* PaneViewController.xcassets */; };
/* End PBXBuildFile section */

/* Begin PBXContainerItemProxy section */
		ECA332611C7F62B7008D5F42 /* PBXContainerItemProxy */ = {
			isa = PBXContainerItemProxy;
			containerPortal = ECA332441C7F62B7008D5F42 /* Project object */;
			proxyType = 1;
			remoteGlobalIDString = ECA3324B1C7F62B7008D5F42;
			remoteInfo = PaneViewController;
		};
		ECA3326C1C7F62B7008D5F42 /* PBXContainerItemProxy */ = {
			isa = PBXContainerItemProxy;
			containerPortal = ECA332441C7F62B7008D5F42 /* Project object */;
			proxyType = 1;
			remoteGlobalIDString = ECA3324B1C7F62B7008D5F42;
			remoteInfo = PaneViewController;
		};
/* End PBXContainerItemProxy section */

/* Begin PBXFileReference section */
		2044A18D4BC435D4B56C6FC1 /* Pods-PaneViewControllerUITests.debug.xcconfig */ = {isa = PBXFileReference; includeInIndex = 1; lastKnownFileType = text.xcconfig; name = "Pods-PaneViewControllerUITests.debug.xcconfig"; path = "Pods/Target Support Files/Pods-PaneViewControllerUITests/Pods-PaneViewControllerUITests.debug.xcconfig"; sourceTree = "<group>"; };
		43670ED19D80553519CAA421 /* Pods_PaneViewControllerTests.framework */ = {isa = PBXFileReference; explicitFileType = wrapper.framework; includeInIndex = 0; path = Pods_PaneViewControllerTests.framework; sourceTree = BUILT_PRODUCTS_DIR; };
		4EEF2DC4E3DBFF2D42FD2823 /* Pods_PaneViewController.framework */ = {isa = PBXFileReference; explicitFileType = wrapper.framework; includeInIndex = 0; path = Pods_PaneViewController.framework; sourceTree = BUILT_PRODUCTS_DIR; };
		668F525BF04103F22BFF1857 /* Pods_PaneViewControllerUITests.framework */ = {isa = PBXFileReference; explicitFileType = wrapper.framework; includeInIndex = 0; path = Pods_PaneViewControllerUITests.framework; sourceTree = BUILT_PRODUCTS_DIR; };
		6BA9D48A18E59BC52BE2526B /* Pods-PaneViewControllerTests.release.xcconfig */ = {isa = PBXFileReference; includeInIndex = 1; lastKnownFileType = text.xcconfig; name = "Pods-PaneViewControllerTests.release.xcconfig"; path = "Pods/Target Support Files/Pods-PaneViewControllerTests/Pods-PaneViewControllerTests.release.xcconfig"; sourceTree = "<group>"; };
		72E75ABB8D7242D34EC95824 /* Pods-PaneViewController.release.xcconfig */ = {isa = PBXFileReference; includeInIndex = 1; lastKnownFileType = text.xcconfig; name = "Pods-PaneViewController.release.xcconfig"; path = "Pods/Target Support Files/Pods-PaneViewController/Pods-PaneViewController.release.xcconfig"; sourceTree = "<group>"; };
		77DC8684AA9C797EA615EFD6 /* Pods-PaneViewControllerUITests.release.xcconfig */ = {isa = PBXFileReference; includeInIndex = 1; lastKnownFileType = text.xcconfig; name = "Pods-PaneViewControllerUITests.release.xcconfig"; path = "Pods/Target Support Files/Pods-PaneViewControllerUITests/Pods-PaneViewControllerUITests.release.xcconfig"; sourceTree = "<group>"; };
		90BFE3E369695068C0D4C012 /* Pods-PaneViewControllerTests.debug.xcconfig */ = {isa = PBXFileReference; includeInIndex = 1; lastKnownFileType = text.xcconfig; name = "Pods-PaneViewControllerTests.debug.xcconfig"; path = "Pods/Target Support Files/Pods-PaneViewControllerTests/Pods-PaneViewControllerTests.debug.xcconfig"; sourceTree = "<group>"; };
		E00C5DE7B2C34215798DFAB6 /* Pods-PaneViewController.debug.xcconfig */ = {isa = PBXFileReference; includeInIndex = 1; lastKnownFileType = text.xcconfig; name = "Pods-PaneViewController.debug.xcconfig"; path = "Pods/Target Support Files/Pods-PaneViewController/Pods-PaneViewController.debug.xcconfig"; sourceTree = "<group>"; };
		EC1157B51C849BFC002586EE /* UIViewControllerPaneViewExtension.swift */ = {isa = PBXFileReference; fileEncoding = 4; lastKnownFileType = sourcecode.swift; name = UIViewControllerPaneViewExtension.swift; path = PaneViewController/UIViewControllerPaneViewExtension.swift; sourceTree = "<group>"; };
		ECA3324C1C7F62B7008D5F42 /* PaneViewController.app */ = {isa = PBXFileReference; explicitFileType = wrapper.application; includeInIndex = 0; path = PaneViewController.app; sourceTree = BUILT_PRODUCTS_DIR; };
		ECA332601C7F62B7008D5F42 /* PaneViewControllerTests.xctest */ = {isa = PBXFileReference; explicitFileType = wrapper.cfbundle; includeInIndex = 0; path = PaneViewControllerTests.xctest; sourceTree = BUILT_PRODUCTS_DIR; };
		ECA332641C7F62B7008D5F42 /* PaneViewControllerTests.swift */ = {isa = PBXFileReference; lastKnownFileType = sourcecode.swift; path = PaneViewControllerTests.swift; sourceTree = "<group>"; };
		ECA332661C7F62B7008D5F42 /* Info.plist */ = {isa = PBXFileReference; lastKnownFileType = text.plist.xml; path = Info.plist; sourceTree = "<group>"; };
		ECA3326B1C7F62B7008D5F42 /* PaneViewControllerUITests.xctest */ = {isa = PBXFileReference; explicitFileType = wrapper.cfbundle; includeInIndex = 0; path = PaneViewControllerUITests.xctest; sourceTree = BUILT_PRODUCTS_DIR; };
		ECA3326F1C7F62B7008D5F42 /* PaneViewControllerUITests.swift */ = {isa = PBXFileReference; lastKnownFileType = sourcecode.swift; path = PaneViewControllerUITests.swift; sourceTree = "<group>"; };
		ECA332711C7F62B7008D5F42 /* Info.plist */ = {isa = PBXFileReference; lastKnownFileType = text.plist.xml; path = Info.plist; sourceTree = "<group>"; };
		ECA3327F1C7F6748008D5F42 /* PaneViewController-Bridging-Header.h */ = {isa = PBXFileReference; lastKnownFileType = sourcecode.c.h; path = "PaneViewController-Bridging-Header.h"; sourceTree = "<group>"; };
		ECA332801C7F6749008D5F42 /* AppDelegate.swift */ = {isa = PBXFileReference; fileEncoding = 4; lastKnownFileType = sourcecode.swift; name = AppDelegate.swift; path = PaneViewControllerDemo/AppDelegate.swift; sourceTree = SOURCE_ROOT; };
		ECA332811C7F6749008D5F42 /* Assets.xcassets */ = {isa = PBXFileReference; lastKnownFileType = folder.assetcatalog; name = Assets.xcassets; path = PaneViewControllerDemo/Assets.xcassets; sourceTree = SOURCE_ROOT; };
		ECA332841C7F6749008D5F42 /* Base */ = {isa = PBXFileReference; lastKnownFileType = file.storyboard; name = Base; path = LaunchScreen.storyboard; sourceTree = "<group>"; };
		ECA332851C7F6749008D5F42 /* Info.plist */ = {isa = PBXFileReference; fileEncoding = 4; lastKnownFileType = text.plist.xml; name = Info.plist; path = PaneViewControllerDemo/Info.plist; sourceTree = SOURCE_ROOT; };
		ECA3328D1C7F6771008D5F42 /* PaneViewController.swift */ = {isa = PBXFileReference; fileEncoding = 4; lastKnownFileType = sourcecode.swift; name = PaneViewController.swift; path = PaneViewController/PaneViewController.swift; sourceTree = "<group>"; };
		ECA3328F1C7F69B0008D5F42 /* DemoPrimaryViewController.swift */ = {isa = PBXFileReference; fileEncoding = 4; lastKnownFileType = sourcecode.swift; path = DemoPrimaryViewController.swift; sourceTree = "<group>"; };
		ECA332911C7F7D89008D5F42 /* DemoSecondaryViewController.swift */ = {isa = PBXFileReference; fileEncoding = 4; lastKnownFileType = sourcecode.swift; path = DemoSecondaryViewController.swift; sourceTree = "<group>"; };
		ECB9241A1CAAECA3001868E9 /* HandleView.swift */ = {isa = PBXFileReference; fileEncoding = 4; lastKnownFileType = sourcecode.swift; name = HandleView.swift; path = PaneViewController/HandleView.swift; sourceTree = "<group>"; };
		ECFF68581CA03DCE00F793D3 /* PaneViewController.xcassets */ = {isa = PBXFileReference; lastKnownFileType = folder.assetcatalog; name = PaneViewController.xcassets; path = Resources/PaneViewController.xcassets; sourceTree = "<group>"; };
/* End PBXFileReference section */

/* Begin PBXFrameworksBuildPhase section */
		ECA332491C7F62B7008D5F42 /* Frameworks */ = {
			isa = PBXFrameworksBuildPhase;
			buildActionMask = 2147483647;
			files = (
				2B74521AE85CC72813C6BEBE /* Pods_PaneViewController.framework in Frameworks */,
			);
			runOnlyForDeploymentPostprocessing = 0;
		};
		ECA3325D1C7F62B7008D5F42 /* Frameworks */ = {
			isa = PBXFrameworksBuildPhase;
			buildActionMask = 2147483647;
			files = (
				6FC1F12682476CD4CA52D8AE /* Pods_PaneViewControllerTests.framework in Frameworks */,
			);
			runOnlyForDeploymentPostprocessing = 0;
		};
		ECA332681C7F62B7008D5F42 /* Frameworks */ = {
			isa = PBXFrameworksBuildPhase;
			buildActionMask = 2147483647;
			files = (
				BA16043B142299F93CC0020A /* Pods_PaneViewControllerUITests.framework in Frameworks */,
			);
			runOnlyForDeploymentPostprocessing = 0;
		};
/* End PBXFrameworksBuildPhase section */

/* Begin PBXGroup section */
		015515543C4B7BED8CF234DF /* Pods */ = {
			isa = PBXGroup;
			children = (
				E00C5DE7B2C34215798DFAB6 /* Pods-PaneViewController.debug.xcconfig */,
				72E75ABB8D7242D34EC95824 /* Pods-PaneViewController.release.xcconfig */,
				90BFE3E369695068C0D4C012 /* Pods-PaneViewControllerTests.debug.xcconfig */,
				6BA9D48A18E59BC52BE2526B /* Pods-PaneViewControllerTests.release.xcconfig */,
				2044A18D4BC435D4B56C6FC1 /* Pods-PaneViewControllerUITests.debug.xcconfig */,
				77DC8684AA9C797EA615EFD6 /* Pods-PaneViewControllerUITests.release.xcconfig */,
			);
			name = Pods;
			sourceTree = "<group>";
		};
		243BD48FE6B19F0EEC836361 /* Frameworks */ = {
			isa = PBXGroup;
			children = (
				4EEF2DC4E3DBFF2D42FD2823 /* Pods_PaneViewController.framework */,
				43670ED19D80553519CAA421 /* Pods_PaneViewControllerTests.framework */,
				668F525BF04103F22BFF1857 /* Pods_PaneViewControllerUITests.framework */,
			);
			name = Frameworks;
			sourceTree = "<group>";
		};
		ECA332431C7F62B7008D5F42 = {
			isa = PBXGroup;
			children = (
				ECA3328C1C7F6764008D5F42 /* PaneViewController */,
				ECA3327E1C7F672E008D5F42 /* PaneViewControllerDemo */,
				ECA332631C7F62B7008D5F42 /* PaneViewControllerTests */,
				ECA3326E1C7F62B7008D5F42 /* PaneViewControllerUITests */,
				ECA3324D1C7F62B7008D5F42 /* Products */,
				015515543C4B7BED8CF234DF /* Pods */,
				243BD48FE6B19F0EEC836361 /* Frameworks */,
			);
			sourceTree = "<group>";
		};
		ECA3324D1C7F62B7008D5F42 /* Products */ = {
			isa = PBXGroup;
			children = (
				ECA3324C1C7F62B7008D5F42 /* PaneViewController.app */,
				ECA332601C7F62B7008D5F42 /* PaneViewControllerTests.xctest */,
				ECA3326B1C7F62B7008D5F42 /* PaneViewControllerUITests.xctest */,
			);
			name = Products;
			sourceTree = "<group>";
		};
		ECA332631C7F62B7008D5F42 /* PaneViewControllerTests */ = {
			isa = PBXGroup;
			children = (
				ECA332641C7F62B7008D5F42 /* PaneViewControllerTests.swift */,
				ECA332661C7F62B7008D5F42 /* Info.plist */,
			);
			path = PaneViewControllerTests;
			sourceTree = "<group>";
		};
		ECA3326E1C7F62B7008D5F42 /* PaneViewControllerUITests */ = {
			isa = PBXGroup;
			children = (
				ECA3326F1C7F62B7008D5F42 /* PaneViewControllerUITests.swift */,
				ECA332711C7F62B7008D5F42 /* Info.plist */,
			);
			path = PaneViewControllerUITests;
			sourceTree = "<group>";
		};
		ECA3327E1C7F672E008D5F42 /* PaneViewControllerDemo */ = {
			isa = PBXGroup;
			children = (
				ECA332931C7F7F00008D5F42 /* ViewControllers */,
				ECA332801C7F6749008D5F42 /* AppDelegate.swift */,
				ECA332811C7F6749008D5F42 /* Assets.xcassets */,
				ECA332831C7F6749008D5F42 /* LaunchScreen.storyboard */,
				ECA332851C7F6749008D5F42 /* Info.plist */,
				ECA3327F1C7F6748008D5F42 /* PaneViewController-Bridging-Header.h */,
			);
			name = PaneViewControllerDemo;
			path = PaneViewControllerTests;
			sourceTree = "<group>";
		};
		ECA3328C1C7F6764008D5F42 /* PaneViewController */ = {
			isa = PBXGroup;
			children = (
				ECFF68571CA03D7900F793D3 /* Resources */,
				ECA3328D1C7F6771008D5F42 /* PaneViewController.swift */,
				EC1157B51C849BFC002586EE /* UIViewControllerPaneViewExtension.swift */,
				ECB9241A1CAAECA3001868E9 /* HandleView.swift */,
			);
			name = PaneViewController;
			sourceTree = "<group>";
		};
		ECA332931C7F7F00008D5F42 /* ViewControllers */ = {
			isa = PBXGroup;
			children = (
				ECA3328F1C7F69B0008D5F42 /* DemoPrimaryViewController.swift */,
				ECA332911C7F7D89008D5F42 /* DemoSecondaryViewController.swift */,
			);
			name = ViewControllers;
			sourceTree = "<group>";
		};
		ECFF68571CA03D7900F793D3 /* Resources */ = {
			isa = PBXGroup;
			children = (
				ECFF68581CA03DCE00F793D3 /* PaneViewController.xcassets */,
			);
			name = Resources;
			sourceTree = "<group>";
		};
/* End PBXGroup section */

/* Begin PBXNativeTarget section */
		ECA3324B1C7F62B7008D5F42 /* PaneViewController */ = {
			isa = PBXNativeTarget;
			buildConfigurationList = ECA332741C7F62B7008D5F42 /* Build configuration list for PBXNativeTarget "PaneViewController" */;
			buildPhases = (
				557AE572277DF73580B5B161 /* 📦 Check Pods Manifest.lock */,
				ECA332481C7F62B7008D5F42 /* Sources */,
				ECA332491C7F62B7008D5F42 /* Frameworks */,
				ECA3324A1C7F62B7008D5F42 /* Resources */,
				ECA3327D1C7F6353008D5F42 /* Swiftlint Run Script */,
				9E5167B25A5D7D8BB53AEA06 /* 📦 Embed Pods Frameworks */,
				AF80375A84A7DF50DC10D584 /* 📦 Copy Pods Resources */,
			);
			buildRules = (
			);
			dependencies = (
			);
			name = PaneViewController;
			productName = PaneViewController;
			productReference = ECA3324C1C7F62B7008D5F42 /* PaneViewController.app */;
			productType = "com.apple.product-type.application";
		};
		ECA3325F1C7F62B7008D5F42 /* PaneViewControllerTests */ = {
			isa = PBXNativeTarget;
			buildConfigurationList = ECA332771C7F62B7008D5F42 /* Build configuration list for PBXNativeTarget "PaneViewControllerTests" */;
			buildPhases = (
				A74F91E59DE5B4556CAC0E16 /* 📦 Check Pods Manifest.lock */,
				ECA3325C1C7F62B7008D5F42 /* Sources */,
				ECA3325D1C7F62B7008D5F42 /* Frameworks */,
				ECA3325E1C7F62B7008D5F42 /* Resources */,
				3D8094EC9D120952D7E42D88 /* 📦 Embed Pods Frameworks */,
				C8EA136E5808B127DE4B77F4 /* 📦 Copy Pods Resources */,
			);
			buildRules = (
			);
			dependencies = (
				ECA332621C7F62B7008D5F42 /* PBXTargetDependency */,
			);
			name = PaneViewControllerTests;
			productName = PaneViewControllerTests;
			productReference = ECA332601C7F62B7008D5F42 /* PaneViewControllerTests.xctest */;
			productType = "com.apple.product-type.bundle.unit-test";
		};
		ECA3326A1C7F62B7008D5F42 /* PaneViewControllerUITests */ = {
			isa = PBXNativeTarget;
			buildConfigurationList = ECA3327A1C7F62B7008D5F42 /* Build configuration list for PBXNativeTarget "PaneViewControllerUITests" */;
			buildPhases = (
				120F9BE999D9C903508812D8 /* 📦 Check Pods Manifest.lock */,
				ECA332671C7F62B7008D5F42 /* Sources */,
				ECA332681C7F62B7008D5F42 /* Frameworks */,
				ECA332691C7F62B7008D5F42 /* Resources */,
				9C4BF70E3F68153A42DB4085 /* 📦 Copy Pods Resources */,
			);
			buildRules = (
			);
			dependencies = (
				ECA3326D1C7F62B7008D5F42 /* PBXTargetDependency */,
			);
			name = PaneViewControllerUITests;
			productName = PaneViewControllerUITests;
			productReference = ECA3326B1C7F62B7008D5F42 /* PaneViewControllerUITests.xctest */;
			productType = "com.apple.product-type.bundle.ui-testing";
		};
/* End PBXNativeTarget section */

/* Begin PBXProject section */
		ECA332441C7F62B7008D5F42 /* Project object */ = {
			isa = PBXProject;
			attributes = {
				LastSwiftUpdateCheck = 0720;
				LastUpgradeCheck = 0720;
				ORGANIZATIONNAME = "Intellectual Reserve, Inc";
				TargetAttributes = {
					ECA3324B1C7F62B7008D5F42 = {
						CreatedOnToolsVersion = 7.2.1;
					};
					ECA3325F1C7F62B7008D5F42 = {
						CreatedOnToolsVersion = 7.2.1;
						TestTargetID = ECA3324B1C7F62B7008D5F42;
					};
					ECA3326A1C7F62B7008D5F42 = {
						CreatedOnToolsVersion = 7.2.1;
						TestTargetID = ECA3324B1C7F62B7008D5F42;
					};
				};
			};
			buildConfigurationList = ECA332471C7F62B7008D5F42 /* Build configuration list for PBXProject "PaneViewController" */;
			compatibilityVersion = "Xcode 3.2";
			developmentRegion = English;
			hasScannedForEncodings = 0;
			knownRegions = (
				en,
				Base,
			);
			mainGroup = ECA332431C7F62B7008D5F42;
			productRefGroup = ECA3324D1C7F62B7008D5F42 /* Products */;
			projectDirPath = "";
			projectRoot = "";
			targets = (
				ECA3324B1C7F62B7008D5F42 /* PaneViewController */,
				ECA3325F1C7F62B7008D5F42 /* PaneViewControllerTests */,
				ECA3326A1C7F62B7008D5F42 /* PaneViewControllerUITests */,
			);
		};
/* End PBXProject section */

/* Begin PBXResourcesBuildPhase section */
		ECA3324A1C7F62B7008D5F42 /* Resources */ = {
			isa = PBXResourcesBuildPhase;
			buildActionMask = 2147483647;
			files = (
				ECA332881C7F6749008D5F42 /* Assets.xcassets in Resources */,
				ECFF68591CA03DCE00F793D3 /* PaneViewController.xcassets in Resources */,
				ECA332891C7F6749008D5F42 /* LaunchScreen.storyboard in Resources */,
			);
			runOnlyForDeploymentPostprocessing = 0;
		};
		ECA3325E1C7F62B7008D5F42 /* Resources */ = {
			isa = PBXResourcesBuildPhase;
			buildActionMask = 2147483647;
			files = (
			);
			runOnlyForDeploymentPostprocessing = 0;
		};
		ECA332691C7F62B7008D5F42 /* Resources */ = {
			isa = PBXResourcesBuildPhase;
			buildActionMask = 2147483647;
			files = (
			);
			runOnlyForDeploymentPostprocessing = 0;
		};
/* End PBXResourcesBuildPhase section */

/* Begin PBXShellScriptBuildPhase section */
		120F9BE999D9C903508812D8 /* 📦 Check Pods Manifest.lock */ = {
			isa = PBXShellScriptBuildPhase;
			buildActionMask = 2147483647;
			files = (
			);
			inputPaths = (
			);
			name = "📦 Check Pods Manifest.lock";
			outputPaths = (
			);
			runOnlyForDeploymentPostprocessing = 0;
			shellPath = /bin/sh;
			shellScript = "diff \"${PODS_ROOT}/../Podfile.lock\" \"${PODS_ROOT}/Manifest.lock\" > /dev/null\nif [[ $? != 0 ]] ; then\n    cat << EOM\nerror: The sandbox is not in sync with the Podfile.lock. Run 'pod install' or update your CocoaPods installation.\nEOM\n    exit 1\nfi\n";
			showEnvVarsInLog = 0;
		};
		3D8094EC9D120952D7E42D88 /* 📦 Embed Pods Frameworks */ = {
			isa = PBXShellScriptBuildPhase;
			buildActionMask = 2147483647;
			files = (
			);
			inputPaths = (
			);
			name = "📦 Embed Pods Frameworks";
			outputPaths = (
			);
			runOnlyForDeploymentPostprocessing = 0;
			shellPath = /bin/sh;
			shellScript = "\"${SRCROOT}/Pods/Target Support Files/Pods-PaneViewControllerTests/Pods-PaneViewControllerTests-frameworks.sh\"\n";
			showEnvVarsInLog = 0;
		};
		557AE572277DF73580B5B161 /* 📦 Check Pods Manifest.lock */ = {
			isa = PBXShellScriptBuildPhase;
			buildActionMask = 2147483647;
			files = (
			);
			inputPaths = (
			);
			name = "📦 Check Pods Manifest.lock";
			outputPaths = (
			);
			runOnlyForDeploymentPostprocessing = 0;
			shellPath = /bin/sh;
			shellScript = "diff \"${PODS_ROOT}/../Podfile.lock\" \"${PODS_ROOT}/Manifest.lock\" > /dev/null\nif [[ $? != 0 ]] ; then\n    cat << EOM\nerror: The sandbox is not in sync with the Podfile.lock. Run 'pod install' or update your CocoaPods installation.\nEOM\n    exit 1\nfi\n";
			showEnvVarsInLog = 0;
		};
		9C4BF70E3F68153A42DB4085 /* 📦 Copy Pods Resources */ = {
			isa = PBXShellScriptBuildPhase;
			buildActionMask = 2147483647;
			files = (
			);
			inputPaths = (
			);
			name = "📦 Copy Pods Resources";
			outputPaths = (
			);
			runOnlyForDeploymentPostprocessing = 0;
			shellPath = /bin/sh;
			shellScript = "\"${SRCROOT}/Pods/Target Support Files/Pods-PaneViewControllerUITests/Pods-PaneViewControllerUITests-resources.sh\"\n";
			showEnvVarsInLog = 0;
		};
		9E5167B25A5D7D8BB53AEA06 /* 📦 Embed Pods Frameworks */ = {
			isa = PBXShellScriptBuildPhase;
			buildActionMask = 2147483647;
			files = (
			);
			inputPaths = (
			);
			name = "📦 Embed Pods Frameworks";
			outputPaths = (
			);
			runOnlyForDeploymentPostprocessing = 0;
			shellPath = /bin/sh;
			shellScript = "\"${SRCROOT}/Pods/Target Support Files/Pods-PaneViewController/Pods-PaneViewController-frameworks.sh\"\n";
			showEnvVarsInLog = 0;
		};
		A74F91E59DE5B4556CAC0E16 /* 📦 Check Pods Manifest.lock */ = {
			isa = PBXShellScriptBuildPhase;
			buildActionMask = 2147483647;
			files = (
			);
			inputPaths = (
			);
			name = "📦 Check Pods Manifest.lock";
			outputPaths = (
			);
			runOnlyForDeploymentPostprocessing = 0;
			shellPath = /bin/sh;
			shellScript = "diff \"${PODS_ROOT}/../Podfile.lock\" \"${PODS_ROOT}/Manifest.lock\" > /dev/null\nif [[ $? != 0 ]] ; then\n    cat << EOM\nerror: The sandbox is not in sync with the Podfile.lock. Run 'pod install' or update your CocoaPods installation.\nEOM\n    exit 1\nfi\n";
			showEnvVarsInLog = 0;
		};
		AF80375A84A7DF50DC10D584 /* 📦 Copy Pods Resources */ = {
			isa = PBXShellScriptBuildPhase;
			buildActionMask = 2147483647;
			files = (
			);
			inputPaths = (
			);
			name = "📦 Copy Pods Resources";
			outputPaths = (
			);
			runOnlyForDeploymentPostprocessing = 0;
			shellPath = /bin/sh;
			shellScript = "\"${SRCROOT}/Pods/Target Support Files/Pods-PaneViewController/Pods-PaneViewController-resources.sh\"\n";
			showEnvVarsInLog = 0;
		};
		C8EA136E5808B127DE4B77F4 /* 📦 Copy Pods Resources */ = {
			isa = PBXShellScriptBuildPhase;
			buildActionMask = 2147483647;
			files = (
			);
			inputPaths = (
			);
			name = "📦 Copy Pods Resources";
			outputPaths = (
			);
			runOnlyForDeploymentPostprocessing = 0;
			shellPath = /bin/sh;
			shellScript = "\"${SRCROOT}/Pods/Target Support Files/Pods-PaneViewControllerTests/Pods-PaneViewControllerTests-resources.sh\"\n";
			showEnvVarsInLog = 0;
		};
		ECA3327D1C7F6353008D5F42 /* Swiftlint Run Script */ = {
			isa = PBXShellScriptBuildPhase;
			buildActionMask = 2147483647;
			files = (
			);
			inputPaths = (
			);
			name = "Swiftlint Run Script";
			outputPaths = (
			);
			runOnlyForDeploymentPostprocessing = 0;
			shellPath = /bin/sh;
			shellScript = "if which swiftlint >/dev/null; then\nswiftlint lint --config swiftlint.yml\nelse\necho \"SwiftLint cannot be found, install with 'brew install swiftlint'\"\nfi";
		};
/* End PBXShellScriptBuildPhase section */

/* Begin PBXSourcesBuildPhase section */
		ECA332481C7F62B7008D5F42 /* Sources */ = {
			isa = PBXSourcesBuildPhase;
			buildActionMask = 2147483647;
			files = (
				ECA332921C7F7D89008D5F42 /* DemoSecondaryViewController.swift in Sources */,
				ECA332901C7F69B0008D5F42 /* DemoPrimaryViewController.swift in Sources */,
				ECB9241B1CAAECA3001868E9 /* HandleView.swift in Sources */,
				EC1157B61C849BFC002586EE /* UIViewControllerPaneViewExtension.swift in Sources */,
				ECA3328E1C7F6771008D5F42 /* PaneViewController.swift in Sources */,
				ECA332871C7F6749008D5F42 /* AppDelegate.swift in Sources */,
			);
			runOnlyForDeploymentPostprocessing = 0;
		};
		ECA3325C1C7F62B7008D5F42 /* Sources */ = {
			isa = PBXSourcesBuildPhase;
			buildActionMask = 2147483647;
			files = (
				ECA332651C7F62B7008D5F42 /* PaneViewControllerTests.swift in Sources */,
			);
			runOnlyForDeploymentPostprocessing = 0;
		};
		ECA332671C7F62B7008D5F42 /* Sources */ = {
			isa = PBXSourcesBuildPhase;
			buildActionMask = 2147483647;
			files = (
				ECA332701C7F62B7008D5F42 /* PaneViewControllerUITests.swift in Sources */,
			);
			runOnlyForDeploymentPostprocessing = 0;
		};
/* End PBXSourcesBuildPhase section */

/* Begin PBXTargetDependency section */
		ECA332621C7F62B7008D5F42 /* PBXTargetDependency */ = {
			isa = PBXTargetDependency;
			target = ECA3324B1C7F62B7008D5F42 /* PaneViewController */;
			targetProxy = ECA332611C7F62B7008D5F42 /* PBXContainerItemProxy */;
		};
		ECA3326D1C7F62B7008D5F42 /* PBXTargetDependency */ = {
			isa = PBXTargetDependency;
			target = ECA3324B1C7F62B7008D5F42 /* PaneViewController */;
			targetProxy = ECA3326C1C7F62B7008D5F42 /* PBXContainerItemProxy */;
		};
/* End PBXTargetDependency section */

/* Begin PBXVariantGroup section */
		ECA332831C7F6749008D5F42 /* LaunchScreen.storyboard */ = {
			isa = PBXVariantGroup;
			children = (
				ECA332841C7F6749008D5F42 /* Base */,
			);
			name = LaunchScreen.storyboard;
			path = ../PaneViewControllerDemo/Base.lproj;
			sourceTree = "<group>";
		};
/* End PBXVariantGroup section */

/* Begin XCBuildConfiguration section */
		ECA332721C7F62B7008D5F42 /* Debug */ = {
			isa = XCBuildConfiguration;
			buildSettings = {
				ALWAYS_SEARCH_USER_PATHS = NO;
				CLANG_CXX_LANGUAGE_STANDARD = "gnu++0x";
				CLANG_CXX_LIBRARY = "libc++";
				CLANG_ENABLE_MODULES = YES;
				CLANG_ENABLE_OBJC_ARC = YES;
				CLANG_WARN_BOOL_CONVERSION = YES;
				CLANG_WARN_CONSTANT_CONVERSION = YES;
				CLANG_WARN_DIRECT_OBJC_ISA_USAGE = YES_ERROR;
				CLANG_WARN_EMPTY_BODY = YES;
				CLANG_WARN_ENUM_CONVERSION = YES;
				CLANG_WARN_INT_CONVERSION = YES;
				CLANG_WARN_OBJC_ROOT_CLASS = YES_ERROR;
				CLANG_WARN_UNREACHABLE_CODE = YES;
				CLANG_WARN__DUPLICATE_METHOD_MATCH = YES;
				"CODE_SIGN_IDENTITY[sdk=iphoneos*]" = "iPhone Developer";
				COPY_PHASE_STRIP = NO;
				DEBUG_INFORMATION_FORMAT = dwarf;
				ENABLE_STRICT_OBJC_MSGSEND = YES;
				ENABLE_TESTABILITY = YES;
				GCC_C_LANGUAGE_STANDARD = gnu99;
				GCC_DYNAMIC_NO_PIC = NO;
				GCC_NO_COMMON_BLOCKS = YES;
				GCC_OPTIMIZATION_LEVEL = 0;
				GCC_PREPROCESSOR_DEFINITIONS = (
					"DEBUG=1",
					"$(inherited)",
				);
				GCC_WARN_64_TO_32_BIT_CONVERSION = YES;
				GCC_WARN_ABOUT_RETURN_TYPE = YES_ERROR;
				GCC_WARN_UNDECLARED_SELECTOR = YES;
				GCC_WARN_UNINITIALIZED_AUTOS = YES_AGGRESSIVE;
				GCC_WARN_UNUSED_FUNCTION = YES;
				GCC_WARN_UNUSED_VARIABLE = YES;
				IPHONEOS_DEPLOYMENT_TARGET = 8.0;
				MTL_ENABLE_DEBUG_INFO = YES;
				ONLY_ACTIVE_ARCH = YES;
				SDKROOT = iphoneos;
				SWIFT_OPTIMIZATION_LEVEL = "-Onone";
				TARGETED_DEVICE_FAMILY = "1,2";
			};
			name = Debug;
		};
		ECA332731C7F62B7008D5F42 /* Release */ = {
			isa = XCBuildConfiguration;
			buildSettings = {
				ALWAYS_SEARCH_USER_PATHS = NO;
				CLANG_CXX_LANGUAGE_STANDARD = "gnu++0x";
				CLANG_CXX_LIBRARY = "libc++";
				CLANG_ENABLE_MODULES = YES;
				CLANG_ENABLE_OBJC_ARC = YES;
				CLANG_WARN_BOOL_CONVERSION = YES;
				CLANG_WARN_CONSTANT_CONVERSION = YES;
				CLANG_WARN_DIRECT_OBJC_ISA_USAGE = YES_ERROR;
				CLANG_WARN_EMPTY_BODY = YES;
				CLANG_WARN_ENUM_CONVERSION = YES;
				CLANG_WARN_INT_CONVERSION = YES;
				CLANG_WARN_OBJC_ROOT_CLASS = YES_ERROR;
				CLANG_WARN_UNREACHABLE_CODE = YES;
				CLANG_WARN__DUPLICATE_METHOD_MATCH = YES;
				"CODE_SIGN_IDENTITY[sdk=iphoneos*]" = "iPhone Developer";
				COPY_PHASE_STRIP = NO;
				DEBUG_INFORMATION_FORMAT = "dwarf-with-dsym";
				ENABLE_NS_ASSERTIONS = NO;
				ENABLE_STRICT_OBJC_MSGSEND = YES;
				GCC_C_LANGUAGE_STANDARD = gnu99;
				GCC_NO_COMMON_BLOCKS = YES;
				GCC_WARN_64_TO_32_BIT_CONVERSION = YES;
				GCC_WARN_ABOUT_RETURN_TYPE = YES_ERROR;
				GCC_WARN_UNDECLARED_SELECTOR = YES;
				GCC_WARN_UNINITIALIZED_AUTOS = YES_AGGRESSIVE;
				GCC_WARN_UNUSED_FUNCTION = YES;
				GCC_WARN_UNUSED_VARIABLE = YES;
				IPHONEOS_DEPLOYMENT_TARGET = 8.0;
				MTL_ENABLE_DEBUG_INFO = NO;
				SDKROOT = iphoneos;
				TARGETED_DEVICE_FAMILY = "1,2";
				VALIDATE_PRODUCT = YES;
			};
			name = Release;
		};
		ECA332751C7F62B7008D5F42 /* Debug */ = {
			isa = XCBuildConfiguration;
			baseConfigurationReference = E00C5DE7B2C34215798DFAB6 /* Pods-PaneViewController.debug.xcconfig */;
			buildSettings = {
				ASSETCATALOG_COMPILER_APPICON_NAME = AppIcon;
				CLANG_ENABLE_MODULES = YES;
				INFOPLIST_FILE = "$(SRCROOT)/PaneViewControllerDemo/Info.plist";
				LD_RUNPATH_SEARCH_PATHS = "$(inherited) @executable_path/Frameworks";
				PRODUCT_BUNDLE_IDENTIFIER = org.lds.PaneViewController;
				PRODUCT_NAME = "$(TARGET_NAME)";
				SWIFT_OBJC_BRIDGING_HEADER = "PaneViewControllerTests/PaneViewController-Bridging-Header.h";
				SWIFT_OPTIMIZATION_LEVEL = "-Onone";
			};
			name = Debug;
		};
		ECA332761C7F62B7008D5F42 /* Release */ = {
			isa = XCBuildConfiguration;
			baseConfigurationReference = 72E75ABB8D7242D34EC95824 /* Pods-PaneViewController.release.xcconfig */;
			buildSettings = {
				ASSETCATALOG_COMPILER_APPICON_NAME = AppIcon;
				CLANG_ENABLE_MODULES = YES;
				INFOPLIST_FILE = "$(SRCROOT)/PaneViewControllerDemo/Info.plist";
				LD_RUNPATH_SEARCH_PATHS = "$(inherited) @executable_path/Frameworks";
				PRODUCT_BUNDLE_IDENTIFIER = org.lds.PaneViewController;
				PRODUCT_NAME = "$(TARGET_NAME)";
				SWIFT_OBJC_BRIDGING_HEADER = "PaneViewControllerTests/PaneViewController-Bridging-Header.h";
			};
			name = Release;
		};
		ECA332781C7F62B7008D5F42 /* Debug */ = {
			isa = XCBuildConfiguration;
			baseConfigurationReference = 90BFE3E369695068C0D4C012 /* Pods-PaneViewControllerTests.debug.xcconfig */;
			buildSettings = {
				BUNDLE_LOADER = "$(TEST_HOST)";
				INFOPLIST_FILE = PaneViewControllerTests/Info.plist;
				LD_RUNPATH_SEARCH_PATHS = "$(inherited) @executable_path/Frameworks @loader_path/Frameworks";
				PRODUCT_BUNDLE_IDENTIFIER = org.lds.PaneViewControllerTests;
				PRODUCT_NAME = "$(TARGET_NAME)";
				TEST_HOST = "$(BUILT_PRODUCTS_DIR)/PaneViewController.app/PaneViewController";
			};
			name = Debug;
		};
		ECA332791C7F62B7008D5F42 /* Release */ = {
			isa = XCBuildConfiguration;
			baseConfigurationReference = 6BA9D48A18E59BC52BE2526B /* Pods-PaneViewControllerTests.release.xcconfig */;
			buildSettings = {
				BUNDLE_LOADER = "$(TEST_HOST)";
				INFOPLIST_FILE = PaneViewControllerTests/Info.plist;
				LD_RUNPATH_SEARCH_PATHS = "$(inherited) @executable_path/Frameworks @loader_path/Frameworks";
				PRODUCT_BUNDLE_IDENTIFIER = org.lds.PaneViewControllerTests;
				PRODUCT_NAME = "$(TARGET_NAME)";
				TEST_HOST = "$(BUILT_PRODUCTS_DIR)/PaneViewController.app/PaneViewController";
			};
			name = Release;
		};
		ECA3327B1C7F62B7008D5F42 /* Debug */ = {
			isa = XCBuildConfiguration;
			baseConfigurationReference = 2044A18D4BC435D4B56C6FC1 /* Pods-PaneViewControllerUITests.debug.xcconfig */;
			buildSettings = {
				INFOPLIST_FILE = PaneViewControllerUITests/Info.plist;
				LD_RUNPATH_SEARCH_PATHS = "$(inherited) @executable_path/Frameworks @loader_path/Frameworks";
				PRODUCT_BUNDLE_IDENTIFIER = org.lds.PaneViewControllerUITests;
				PRODUCT_NAME = "$(TARGET_NAME)";
				TEST_TARGET_NAME = PaneViewController;
				USES_XCTRUNNER = YES;
			};
			name = Debug;
		};
		ECA3327C1C7F62B7008D5F42 /* Release */ = {
			isa = XCBuildConfiguration;
			baseConfigurationReference = 77DC8684AA9C797EA615EFD6 /* Pods-PaneViewControllerUITests.release.xcconfig */;
			buildSettings = {
				INFOPLIST_FILE = PaneViewControllerUITests/Info.plist;
				LD_RUNPATH_SEARCH_PATHS = "$(inherited) @executable_path/Frameworks @loader_path/Frameworks";
				PRODUCT_BUNDLE_IDENTIFIER = org.lds.PaneViewControllerUITests;
				PRODUCT_NAME = "$(TARGET_NAME)";
				TEST_TARGET_NAME = PaneViewController;
				USES_XCTRUNNER = YES;
			};
			name = Release;
		};
/* End XCBuildConfiguration section */

/* Begin XCConfigurationList section */
		ECA332471C7F62B7008D5F42 /* Build configuration list for PBXProject "PaneViewController" */ = {
			isa = XCConfigurationList;
			buildConfigurations = (
				ECA332721C7F62B7008D5F42 /* Debug */,
				ECA332731C7F62B7008D5F42 /* Release */,
			);
			defaultConfigurationIsVisible = 0;
			defaultConfigurationName = Release;
		};
		ECA332741C7F62B7008D5F42 /* Build configuration list for PBXNativeTarget "PaneViewController" */ = {
			isa = XCConfigurationList;
			buildConfigurations = (
				ECA332751C7F62B7008D5F42 /* Debug */,
				ECA332761C7F62B7008D5F42 /* Release */,
			);
			defaultConfigurationIsVisible = 0;
			defaultConfigurationName = Release;
		};
		ECA332771C7F62B7008D5F42 /* Build configuration list for PBXNativeTarget "PaneViewControllerTests" */ = {
			isa = XCConfigurationList;
			buildConfigurations = (
				ECA332781C7F62B7008D5F42 /* Debug */,
				ECA332791C7F62B7008D5F42 /* Release */,
			);
			defaultConfigurationIsVisible = 0;
			defaultConfigurationName = Release;
		};
		ECA3327A1C7F62B7008D5F42 /* Build configuration list for PBXNativeTarget "PaneViewControllerUITests" */ = {
			isa = XCConfigurationList;
			buildConfigurations = (
				ECA3327B1C7F62B7008D5F42 /* Debug */,
				ECA3327C1C7F62B7008D5F42 /* Release */,
			);
			defaultConfigurationIsVisible = 0;
			defaultConfigurationName = Release;
		};
/* End XCConfigurationList section */
	};
	rootObject = ECA332441C7F62B7008D5F42 /* Project object */;
}
